github.com/xiehengjian/GRequests v0.0.0-20210115102816-4ce6a139697b h1:mQtyW0OVz6g55GEc/HU0CHf8F4H5vL1hmsj+Tuxuhqo=
github.com/xiehengjian/GRequests v0.0.0-20210115102816-4ce6a139697b/go.mod h1:DHWQIZsyL+CfZNPuBUqaSCgCxGk6+C17V6+D5xinSkQ=
github.com/xiehengjian/GRequests v0.0.0-20210115120331-a89ee99f8871 h1:GgCIRfwkD0xW5Izb1eDVb9TNJfQ5TT0JC1HuMqHUAbM=
github.com/xiehengjian/GRequests v0.0.0-20210115120331-a89ee99f8871/go.mod h1:DHWQIZsyL+CfZNPuBUqaSCgCxGk6+C17V6+D5xinSkQ=
github.com/xiehengjian/GRequests v0.0.0-20210115123905-0798e62d5106 h1:NWDXg7i8WHOTL1JPaaVlz4u8RbSeotDm1gOeWhScSk0=
github.com/xiehengjian/GRequests v0.0.0-20210115123905-0798e62d5106/go.mod h1:DHWQIZsyL+CfZNPuBUqaSCgCxGk6+C17V6+D5xinSkQ=
